
Microsoft Visual Studio Solution File, Format Version 12.00
# Visual Studio Version 16
VisualStudioVersion = 16.0.30204.135
MinimumVisualStudioVersion = 10.0.40219.1
Project("{FAE04EC0-301F-11D3-BF4B-00C04F79EFBC}") = "MeuTreino", "MeuTreino\MeuTreino.csproj", "{F53B9E9B-C5BB-4D4B-8696-A34611021406}"
EndProject
Global
	GlobalSection(SolutionConfigurationPlatforms) = preSolution
		Debug|Any CPU = Debug|Any CPU
		Release|Any CPU = Release|Any CPU
	EndGlobalSection
	GlobalSection(ProjectConfigurationPlatforms) = postSolution
		{F53B9E9B-C5BB-4D4B-8696-A34611021406}.Debug|Any CPU.ActiveCfg = Debug|Any CPU
		{F53B9E9B-C5BB-4D4B-8696-A34611021406}.Debug|Any CPU.Build.0 = Debug|Any CPU
		{F53B9E9B-C5BB-4D4B-8696-A34611021406}.Release|Any CPU.ActiveCfg = Release|Any CPU
		{F53B9E9B-C5BB-4D4B-8696-A34611021406}.Release|Any CPU.Build.0 = Release|Any CPU
	EndGlobalSection
	GlobalSection(SolutionProperties) = preSolution
		HideSolutionNode = FALSE
	EndGlobalSection
	GlobalSection(ExtensibilityGlobals) = postSolution
		SolutionGuid = {D3030AFF-70E2-481B-9C02-5F05A9D11660}
	EndGlobalSection
EndGlobal
